
Microsoft Visual Studio Solution File, Format Version 11.00
# Visual Studio 2010
Project("{FAE04EC0-301F-11D3-BF4B-00C04F79EFBC}") = "IdentityProviderDemo", "IdentityProviderDemo\IdentityProviderDemo.csproj", "{83B75533-8D8E-4470-960E-B575E49393A1}"
EndProject
Project("{FAE04EC0-301F-11D3-BF4B-00C04F79EFBC}") = "WebsiteDemo", "WebsiteDemo\WebsiteDemo.csproj", "{5CABB53A-798E-4725-B755-18A60ECC5D31}"
EndProject
Project("{FAE04EC0-301F-11D3-BF4B-00C04F79EFBC}") = "dk.nita.saml20", "dk.nita.saml20\dk.nita.saml20.csproj", "{55520059-38BB-48BB-A30E-BFD385293D78}"
EndProject
Project("{FAE04EC0-301F-11D3-BF4B-00C04F79EFBC}") = "dk.nita.saml20.ext.brs", "dk.nita.saml20.ext.brs\dk.nita.saml20.ext.brs.csproj", "{2E16757D-6F42-4253-9C2B-E6E17039F457}"
EndProject
Project("{FAE04EC0-301F-11D3-BF4B-00C04F79EFBC}") = "dk.nita.test.saml20", "dk.nita.test.saml20\dk.nita.test.saml20.csproj", "{5E929522-45B6-4054-B172-70FD43F8143E}"
EndProject
Project("{FAE04EC0-301F-11D3-BF4B-00C04F79EFBC}") = "dk.nita.test.saml20.ext.brs", "dk.nita.test.saml20.ext.brs\dk.nita.test.saml20.ext.brs.csproj", "{AB8F973D-CAF2-4202-9BBF-DD92C6A555D1}"
EndProject
Project("{FAE04EC0-301F-11D3-BF4B-00C04F79EFBC}") = "WebsiteDemoVirk", "WebsiteDemoVirk\WebsiteDemoVirk.csproj", "{F9F847E2-A0B7-44F5-8244-FA317647074D}"
EndProject
Project("{54435603-DBB4-11D2-8724-00A0C9A8B90C}") = "installer", "installer\installer.vdproj", "{33C0D47C-3B85-4893-95B5-A271AB68307E}"
EndProject
Project("{FAE04EC0-301F-11D3-BF4B-00C04F79EFBC}") = "dk.nita.saml20.ext.audit.log4net", "dk.nita.saml20.ext.audit.log4net\dk.nita.saml20.ext.audit.log4net.csproj", "{E0529CB0-9183-4768-B654-DB0F867F0E5F}"
EndProject
Project("{FAE04EC0-301F-11D3-BF4B-00C04F79EFBC}") = "dk.nita.saml20.ext.appfabricsessioncache", "dk.nita.saml20.ext.AppFabricSessionCache\dk.nita.saml20.ext.appfabricsessioncache.csproj", "{2A462F41-50A8-47CD-8585-1D28DF6610E4}"
EndProject
Global
	GlobalSection(SolutionConfigurationPlatforms) = preSolution
		Debug|Any CPU = Debug|Any CPU
		Debug|x64 = Debug|x64
		MSI|Any CPU = MSI|Any CPU
		MSI|x64 = MSI|x64
		Release|Any CPU = Release|Any CPU
		Release|x64 = Release|x64
	EndGlobalSection
	GlobalSection(ProjectConfigurationPlatforms) = postSolution
		{83B75533-8D8E-4470-960E-B575E49393A1}.Debug|Any CPU.ActiveCfg = Debug|Any CPU
		{83B75533-8D8E-4470-960E-B575E49393A1}.Debug|Any CPU.Build.0 = Debug|Any CPU
		{83B75533-8D8E-4470-960E-B575E49393A1}.Debug|x64.ActiveCfg = Debug|x64
		{83B75533-8D8E-4470-960E-B575E49393A1}.Debug|x64.Build.0 = Debug|x64
		{83B75533-8D8E-4470-960E-B575E49393A1}.MSI|Any CPU.ActiveCfg = MSI|Any CPU
		{83B75533-8D8E-4470-960E-B575E49393A1}.MSI|Any CPU.Build.0 = MSI|Any CPU
		{83B75533-8D8E-4470-960E-B575E49393A1}.MSI|x64.ActiveCfg = MSI|x64
		{83B75533-8D8E-4470-960E-B575E49393A1}.MSI|x64.Build.0 = MSI|x64
		{83B75533-8D8E-4470-960E-B575E49393A1}.Release|Any CPU.ActiveCfg = Release|Any CPU
		{83B75533-8D8E-4470-960E-B575E49393A1}.Release|Any CPU.Build.0 = Release|Any CPU
		{83B75533-8D8E-4470-960E-B575E49393A1}.Release|x64.ActiveCfg = Release|x64
		{83B75533-8D8E-4470-960E-B575E49393A1}.Release|x64.Build.0 = Release|x64
		{5CABB53A-798E-4725-B755-18A60ECC5D31}.Debug|Any CPU.ActiveCfg = Debug|Any CPU
		{5CABB53A-798E-4725-B755-18A60ECC5D31}.Debug|Any CPU.Build.0 = Debug|Any CPU
		{5CABB53A-798E-4725-B755-18A60ECC5D31}.Debug|x64.ActiveCfg = Debug|x64
		{5CABB53A-798E-4725-B755-18A60ECC5D31}.Debug|x64.Build.0 = Debug|x64
		{5CABB53A-798E-4725-B755-18A60ECC5D31}.MSI|Any CPU.ActiveCfg = MSI|Any CPU
		{5CABB53A-798E-4725-B755-18A60ECC5D31}.MSI|Any CPU.Build.0 = MSI|Any CPU
		{5CABB53A-798E-4725-B755-18A60ECC5D31}.MSI|x64.ActiveCfg = MSI|x64
		{5CABB53A-798E-4725-B755-18A60ECC5D31}.MSI|x64.Build.0 = MSI|x64
		{5CABB53A-798E-4725-B755-18A60ECC5D31}.Release|Any CPU.ActiveCfg = Release|Any CPU
		{5CABB53A-798E-4725-B755-18A60ECC5D31}.Release|Any CPU.Build.0 = Release|Any CPU
		{5CABB53A-798E-4725-B755-18A60ECC5D31}.Release|x64.ActiveCfg = Release|x64
		{5CABB53A-798E-4725-B755-18A60ECC5D31}.Release|x64.Build.0 = Release|x64
		{55520059-38BB-48BB-A30E-BFD385293D78}.Debug|Any CPU.ActiveCfg = Debug|Any CPU
		{55520059-38BB-48BB-A30E-BFD385293D78}.Debug|Any CPU.Build.0 = Debug|Any CPU
		{55520059-38BB-48BB-A30E-BFD385293D78}.Debug|x64.ActiveCfg = Debug|x64
		{55520059-38BB-48BB-A30E-BFD385293D78}.Debug|x64.Build.0 = Debug|x64
		{55520059-38BB-48BB-A30E-BFD385293D78}.MSI|Any CPU.ActiveCfg = MSI|Any CPU
		{55520059-38BB-48BB-A30E-BFD385293D78}.MSI|Any CPU.Build.0 = MSI|Any CPU
		{55520059-38BB-48BB-A30E-BFD385293D78}.MSI|x64.ActiveCfg = MSI|x64
		{55520059-38BB-48BB-A30E-BFD385293D78}.MSI|x64.Build.0 = MSI|x64
		{55520059-38BB-48BB-A30E-BFD385293D78}.Release|Any CPU.ActiveCfg = Release|Any CPU
		{55520059-38BB-48BB-A30E-BFD385293D78}.Release|Any CPU.Build.0 = Release|Any CPU
		{55520059-38BB-48BB-A30E-BFD385293D78}.Release|x64.ActiveCfg = Release|x64
		{55520059-38BB-48BB-A30E-BFD385293D78}.Release|x64.Build.0 = Release|x64
		{2E16757D-6F42-4253-9C2B-E6E17039F457}.Debug|Any CPU.ActiveCfg = Debug|Any CPU
		{2E16757D-6F42-4253-9C2B-E6E17039F457}.Debug|Any CPU.Build.0 = Debug|Any CPU
		{2E16757D-6F42-4253-9C2B-E6E17039F457}.Debug|x64.ActiveCfg = Debug|x64
		{2E16757D-6F42-4253-9C2B-E6E17039F457}.Debug|x64.Build.0 = Debug|x64
		{2E16757D-6F42-4253-9C2B-E6E17039F457}.MSI|Any CPU.ActiveCfg = Release|Any CPU
		{2E16757D-6F42-4253-9C2B-E6E17039F457}.MSI|Any CPU.Build.0 = Release|Any CPU
		{2E16757D-6F42-4253-9C2B-E6E17039F457}.MSI|x64.ActiveCfg = Release64|x64
		{2E16757D-6F42-4253-9C2B-E6E17039F457}.MSI|x64.Build.0 = Release64|x64
		{2E16757D-6F42-4253-9C2B-E6E17039F457}.Release|Any CPU.ActiveCfg = Release|Any CPU
		{2E16757D-6F42-4253-9C2B-E6E17039F457}.Release|Any CPU.Build.0 = Release|Any CPU
		{2E16757D-6F42-4253-9C2B-E6E17039F457}.Release|x64.ActiveCfg = Release|x64
		{2E16757D-6F42-4253-9C2B-E6E17039F457}.Release|x64.Build.0 = Release|x64
		{5E929522-45B6-4054-B172-70FD43F8143E}.Debug|Any CPU.ActiveCfg = Debug|Any CPU
		{5E929522-45B6-4054-B172-70FD43F8143E}.Debug|Any CPU.Build.0 = Debug|Any CPU
		{5E929522-45B6-4054-B172-70FD43F8143E}.Debug|x64.ActiveCfg = Debug|x64
		{5E929522-45B6-4054-B172-70FD43F8143E}.Debug|x64.Build.0 = Debug|x64
		{5E929522-45B6-4054-B172-70FD43F8143E}.MSI|Any CPU.ActiveCfg = MSI|Any CPU
		{5E929522-45B6-4054-B172-70FD43F8143E}.MSI|Any CPU.Build.0 = MSI|Any CPU
		{5E929522-45B6-4054-B172-70FD43F8143E}.MSI|x64.ActiveCfg = MSI|x64
		{5E929522-45B6-4054-B172-70FD43F8143E}.MSI|x64.Build.0 = MSI|x64
		{5E929522-45B6-4054-B172-70FD43F8143E}.Release|Any CPU.ActiveCfg = Release|Any CPU
		{5E929522-45B6-4054-B172-70FD43F8143E}.Release|Any CPU.Build.0 = Release|Any CPU
		{5E929522-45B6-4054-B172-70FD43F8143E}.Release|x64.ActiveCfg = Release|x64
		{5E929522-45B6-4054-B172-70FD43F8143E}.Release|x64.Build.0 = Release|x64
		{AB8F973D-CAF2-4202-9BBF-DD92C6A555D1}.Debug|Any CPU.ActiveCfg = Debug|Any CPU
		{AB8F973D-CAF2-4202-9BBF-DD92C6A555D1}.Debug|Any CPU.Build.0 = Debug|Any CPU
		{AB8F973D-CAF2-4202-9BBF-DD92C6A555D1}.Debug|x64.ActiveCfg = Debug|x64
		{AB8F973D-CAF2-4202-9BBF-DD92C6A555D1}.Debug|x64.Build.0 = Debug|x64
		{AB8F973D-CAF2-4202-9BBF-DD92C6A555D1}.MSI|Any CPU.ActiveCfg = Release|Any CPU
		{AB8F973D-CAF2-4202-9BBF-DD92C6A555D1}.MSI|Any CPU.Build.0 = Release|Any CPU
		{AB8F973D-CAF2-4202-9BBF-DD92C6A555D1}.MSI|x64.ActiveCfg = Release64|x64
		{AB8F973D-CAF2-4202-9BBF-DD92C6A555D1}.MSI|x64.Build.0 = Release64|x64
		{AB8F973D-CAF2-4202-9BBF-DD92C6A555D1}.Release|Any CPU.ActiveCfg = Release|Any CPU
		{AB8F973D-CAF2-4202-9BBF-DD92C6A555D1}.Release|Any CPU.Build.0 = Release|Any CPU
		{AB8F973D-CAF2-4202-9BBF-DD92C6A555D1}.Release|x64.ActiveCfg = Release|x64
		{AB8F973D-CAF2-4202-9BBF-DD92C6A555D1}.Release|x64.Build.0 = Release|x64
		{F9F847E2-A0B7-44F5-8244-FA317647074D}.Debug|Any CPU.ActiveCfg = Debug|Any CPU
		{F9F847E2-A0B7-44F5-8244-FA317647074D}.Debug|Any CPU.Build.0 = Debug|Any CPU
		{F9F847E2-A0B7-44F5-8244-FA317647074D}.Debug|x64.ActiveCfg = Debug|x64
		{F9F847E2-A0B7-44F5-8244-FA317647074D}.Debug|x64.Build.0 = Debug|x64
		{F9F847E2-A0B7-44F5-8244-FA317647074D}.MSI|Any CPU.ActiveCfg = Release|Any CPU
		{F9F847E2-A0B7-44F5-8244-FA317647074D}.MSI|Any CPU.Build.0 = Release|Any CPU
		{F9F847E2-A0B7-44F5-8244-FA317647074D}.MSI|x64.ActiveCfg = Release64|x64
		{F9F847E2-A0B7-44F5-8244-FA317647074D}.MSI|x64.Build.0 = Release64|x64
		{F9F847E2-A0B7-44F5-8244-FA317647074D}.Release|Any CPU.ActiveCfg = Release|Any CPU
		{F9F847E2-A0B7-44F5-8244-FA317647074D}.Release|Any CPU.Build.0 = Release|Any CPU
		{F9F847E2-A0B7-44F5-8244-FA317647074D}.Release|x64.ActiveCfg = Release|x64
		{F9F847E2-A0B7-44F5-8244-FA317647074D}.Release|x64.Build.0 = Release|x64
		{33C0D47C-3B85-4893-95B5-A271AB68307E}.Debug|Any CPU.ActiveCfg = Debug
		{33C0D47C-3B85-4893-95B5-A271AB68307E}.Debug|x64.ActiveCfg = Debug
		{33C0D47C-3B85-4893-95B5-A271AB68307E}.Debug|x64.Build.0 = Debug
		{33C0D47C-3B85-4893-95B5-A271AB68307E}.MSI|Any CPU.ActiveCfg = Release
		{33C0D47C-3B85-4893-95B5-A271AB68307E}.MSI|x64.ActiveCfg = Release64
		{33C0D47C-3B85-4893-95B5-A271AB68307E}.MSI|x64.Build.0 = Release64
		{33C0D47C-3B85-4893-95B5-A271AB68307E}.Release|Any CPU.ActiveCfg = Release
		{33C0D47C-3B85-4893-95B5-A271AB68307E}.Release|x64.ActiveCfg = Release
		{33C0D47C-3B85-4893-95B5-A271AB68307E}.Release|x64.Build.0 = Release
		{E0529CB0-9183-4768-B654-DB0F867F0E5F}.Debug|Any CPU.ActiveCfg = Debug|Any CPU
		{E0529CB0-9183-4768-B654-DB0F867F0E5F}.Debug|Any CPU.Build.0 = Debug|Any CPU
		{E0529CB0-9183-4768-B654-DB0F867F0E5F}.Debug|x64.ActiveCfg = Debug|Any CPU
		{E0529CB0-9183-4768-B654-DB0F867F0E5F}.MSI|Any CPU.ActiveCfg = Release|Any CPU
		{E0529CB0-9183-4768-B654-DB0F867F0E5F}.MSI|Any CPU.Build.0 = Release|Any CPU
		{E0529CB0-9183-4768-B654-DB0F867F0E5F}.MSI|x64.ActiveCfg = Release|Any CPU
		{E0529CB0-9183-4768-B654-DB0F867F0E5F}.Release|Any CPU.ActiveCfg = Release|Any CPU
		{E0529CB0-9183-4768-B654-DB0F867F0E5F}.Release|Any CPU.Build.0 = Release|Any CPU
		{E0529CB0-9183-4768-B654-DB0F867F0E5F}.Release|x64.ActiveCfg = Release|Any CPU
		{2A462F41-50A8-47CD-8585-1D28DF6610E4}.Debug|Any CPU.ActiveCfg = Debug|Any CPU
		{2A462F41-50A8-47CD-8585-1D28DF6610E4}.Debug|Any CPU.Build.0 = Debug|Any CPU
		{2A462F41-50A8-47CD-8585-1D28DF6610E4}.Debug|x64.ActiveCfg = Debug|Any CPU
		{2A462F41-50A8-47CD-8585-1D28DF6610E4}.MSI|Any CPU.ActiveCfg = Release|Any CPU
		{2A462F41-50A8-47CD-8585-1D28DF6610E4}.MSI|Any CPU.Build.0 = Release|Any CPU
		{2A462F41-50A8-47CD-8585-1D28DF6610E4}.MSI|x64.ActiveCfg = Release|Any CPU
		{2A462F41-50A8-47CD-8585-1D28DF6610E4}.Release|Any CPU.ActiveCfg = Release|Any CPU
		{2A462F41-50A8-47CD-8585-1D28DF6610E4}.Release|Any CPU.Build.0 = Release|Any CPU
		{2A462F41-50A8-47CD-8585-1D28DF6610E4}.Release|x64.ActiveCfg = Release|Any CPU
	EndGlobalSection
	GlobalSection(SolutionProperties) = preSolution
		HideSolutionNode = FALSE
	EndGlobalSection
EndGlobal
